# THIS IS AN AUTOGENERATED FILE. DO NOT EDIT THIS FILE DIRECTLY.
# yarn lockfile v1


react-countdown-circle-timer@^2.3.7:
  version "2.3.7"
  resolved "https://registry.yarnpkg.com/react-countdown-circle-timer/-/react-countdown-circle-timer-2.3.7.tgz#21a038ca5f5d604043b100275d9ccaa20c3a8f31"
  integrity sha512-OcO/Iaze3cA/MwqQwovGg4E9x+FXmriFNTYOC1Au2t68MMyv2tEZtU24V4jlFBS2M28EE8X+jcsxfJu0FReQHg==
  dependencies:
    use-elapsed-time "^2.1.5"

typescript@^4.1.2:
  version "4.1.2"
  resolved "https://registry.yarnpkg.com/typescript/-/typescript-4.1.2.tgz#6369ef22516fe5e10304aae5a5c4862db55380e9"
  integrity sha512-thGloWsGH3SOxv1SoY7QojKi0tc+8FnOmiarEGMbd/lar7QOEd3hvlx3Fp5y6FlDUGl9L+pd4n2e+oToGMmhRQ==

use-elapsed-time@^2.1.5:
  version "2.1.5"
  resolved "https://registry.yarnpkg.com/use-elapsed-time/-/use-elapsed-time-2.1.5.tgz#db1e83c9ce5a12c2fb17d80c9b87621ceac50c3f"
  integrity sha512-+JMPN3gmT5vPUKlkIB8JK9zQ2y68cnyJb3EH3CJOmO85XEe5wJHdXqF3vv7PwLH6yiS1giHSu8hatYk/LPw2wA==
